// !$*UTF8*$!
{
	archiveVersion = 1;
	classes = {
	};
	objectVersion = 50;
	objects = {

/* Begin PBXBuildFile section */
		C41CAA7B2589A42D00B7444E /* AppDelegate.swift in Sources */ = {isa = PBXBuildFile; fileRef = C41CAA7A2589A42D00B7444E /* AppDelegate.swift */; };
		C41CAA7D2589A42D00B7444E /* SceneDelegate.swift in Sources */ = {isa = PBXBuildFile; fileRef = C41CAA7C2589A42D00B7444E /* SceneDelegate.swift */; };
		C41CAA7F2589A42D00B7444E /* ViewController.swift in Sources */ = {isa = PBXBuildFile; fileRef = C41CAA7E2589A42D00B7444E /* ViewController.swift */; };
		C41CAA822589A42D00B7444E /* Main.storyboard in Resources */ = {isa = PBXBuildFile; fileRef = C41CAA802589A42D00B7444E /* Main.storyboard */; };
		C41CAA842589A43000B7444E /* Assets.xcassets in Resources */ = {isa = PBXBuildFile; fileRef = C41CAA832589A43000B7444E /* Assets.xcassets */; };
		C41CAA872589A43000B7444E /* LaunchScreen.storyboard in Resources */ = {isa = PBXBuildFile; fileRef = C41CAA852589A43000B7444E /* LaunchScreen.storyboard */; };
		C41CAA8F2589A56900B7444E /* Gallery.swift in Sources */ = {isa = PBXBuildFile; fileRef = C41CAA8E2589A56900B7444E /* Gallery.swift */; };
/* End PBXBuildFile section */

/* Begin PBXFileReference section */
		C41CAA772589A42D00B7444E /* Gallery_App.app */ = {isa = PBXFileReference; explicitFileType = wrapper.application; includeInIndex = 0; path = Gallery_App.app; sourceTree = BUILT_PRODUCTS_DIR; };
		C41CAA7A2589A42D00B7444E /* AppDelegate.swift */ = {isa = PBXFileReference; lastKnownFileType = sourcecode.swift; path = AppDelegate.swift; sourceTree = "<group>"; };
		C41CAA7C2589A42D00B7444E /* SceneDelegate.swift */ = {isa = PBXFileReference; lastKnownFileType = sourcecode.swift; path = SceneDelegate.swift; sourceTree = "<group>"; };
		C41CAA7E2589A42D00B7444E /* ViewController.swift */ = {isa = PBXFileReference; lastKnownFileType = sourcecode.swift; path = ViewController.swift; sourceTree = "<group>"; };
		C41CAA812589A42D00B7444E /* Base */ = {isa = PBXFileReference; lastKnownFileType = file.storyboard; name = Base; path = Base.lproj/Main.storyboard; sourceTree = "<group>"; };
		C41CAA832589A43000B7444E /* Assets.xcassets */ = {isa = PBXFileReference; lastKnownFileType = folder.assetcatalog; path = Assets.xcassets; sourceTree = "<group>"; };
		C41CAA862589A43000B7444E /* Base */ = {isa = PBXFileReference; lastKnownFileType = file.storyboard; name = Base; path = Base.lproj/LaunchScreen.storyboard; sourceTree = "<group>"; };
		C41CAA882589A43000B7444E /* Info.plist */ = {isa = PBXFileReference; lastKnownFileType = text.plist.xml; path = Info.plist; sourceTree = "<group>"; };
		C41CAA8E2589A56900B7444E /* Gallery.swift */ = {isa = PBXFileReference; fileEncoding = 4; lastKnownFileType = sourcecode.swift; path = Gallery.swift; sourceTree = "<group>"; };
/* End PBXFileReference section */

/* Begin PBXFrameworksBuildPhase section */
		C41CAA742589A42D00B7444E /* Frameworks */ = {
			isa = PBXFrameworksBuildPhase;
			buildActionMask = 2147483647;
			files = (
			);
			runOnlyForDeploymentPostprocessing = 0;
		};
/* End PBXFrameworksBuildPhase section */

/* Begin PBXGroup section */
		C41CAA6E2589A42D00B7444E = {
			isa = PBXGroup;
			children = (
				C41CAA792589A42D00B7444E /* Gallery_App */,
				C41CAA782589A42D00B7444E /* Products */,
			);
			sourceTree = "<group>";
		};
		C41CAA782589A42D00B7444E /* Products */ = {
			isa = PBXGroup;
			children = (
				C41CAA772589A42D00B7444E /* Gallery_App.app */,
			);
			name = Products;
			sourceTree = "<group>";
		};
		C41CAA792589A42D00B7444E /* Gallery_App */ = {
			isa = PBXGroup;
			children = (
				C41CAA7A2589A42D00B7444E /* AppDelegate.swift */,
				C41CAA7C2589A42D00B7444E /* SceneDelegate.swift */,
				C41CAA7E2589A42D00B7444E /* ViewController.swift */,
				C41CAA8E2589A56900B7444E /* Gallery.swift */,
				C41CAA802589A42D00B7444E /* Main.storyboard */,
				C41CAA832589A43000B7444E /* Assets.xcassets */,
				C41CAA852589A43000B7444E /* LaunchScreen.storyboard */,
				C41CAA882589A43000B7444E /* Info.plist */,
			);
			path = Gallery_App;
			sourceTree = "<group>";
		};
/* End PBXGroup section */

/* Begin PBXNativeTarget section */
		C41CAA762589A42D00B7444E /* Gallery_App */ = {
			isa = PBXNativeTarget;
			buildConfigurationList = C41CAA8B2589A43000B7444E /* Build configuration list for PBXNativeTarget "Gallery_App" */;
			buildPhases = (
				C41CAA732589A42D00B7444E /* Sources */,
				C41CAA742589A42D00B7444E /* Frameworks */,
				C41CAA752589A42D00B7444E /* Resources */,
			);
			buildRules = (
			);
			dependencies = (
			);
			name = Gallery_App;
			productName = Gallery_App;
			productReference = C41CAA772589A42D00B7444E /* Gallery_App.app */;
			productType = "com.apple.product-type.application";
		};
/* End PBXNativeTarget section */

/* Begin PBXProject section */
		C41CAA6F2589A42D00B7444E /* Project object */ = {
			isa = PBXProject;
			attributes = {
				LastSwiftUpdateCheck = 1170;
				LastUpgradeCheck = 1170;
				ORGANIZATIONNAME = "Roman Kantor";
				TargetAttributes = {
					C41CAA762589A42D00B7444E = {
						CreatedOnToolsVersion = 11.7;
					};
				};
			};
			buildConfigurationList = C41CAA722589A42D00B7444E /* Build configuration list for PBXProject "Gallery_App" */;
			compatibilityVersion = "Xcode 9.3";
			developmentRegion = en;
			hasScannedForEncodings = 0;
			knownRegions = (
				en,
				Base,
			);
			mainGroup = C41CAA6E2589A42D00B7444E;
			productRefGroup = C41CAA782589A42D00B7444E /* Products */;
			projectDirPath = "";
			projectRoot = "";
			targets = (
				C41CAA762589A42D00B7444E /* Gallery_App */,
			);
		};
/* End PBXProject section */

/* Begin PBXResourcesBuildPhase section */
		C41CAA752589A42D00B7444E /* Resources */ = {
			isa = PBXResourcesBuildPhase;
			buildActionMask = 2147483647;
			files = (
				C41CAA872589A43000B7444E /* LaunchScreen.storyboard in Resources */,
				C41CAA842589A43000B7444E /* Assets.xcassets in Resources */,
				C41CAA822589A42D00B7444E /* Main.storyboard in Resources */,
			);
			runOnlyForDeploymentPostprocessing = 0;
		};
/* End PBXResourcesBuildPhase section */

/* Begin PBXSourcesBuildPhase section */
		C41CAA732589A42D00B7444E /* Sources */ = {
			isa = PBXSourcesBuildPhase;
			buildActionMask = 2147483647;
			files = (
				C41CAA8F2589A56900B7444E /* Gallery.swift in Sources */,
				C41CAA7F2589A42D00B7444E /* ViewController.swift in Sources */,
				C41CAA7B2589A42D00B7444E /* AppDelegate.swift in Sources */,
				C41CAA7D2589A42D00B7444E /* SceneDelegate.swift in Sources */,
			);
			runOnlyForDeploymentPostprocessing = 0;
		};
/* End PBXSourcesBuildPhase section */

/* Begin PBXVariantGroup section */
		C41CAA802589A42D00B7444E /* Main.storyboard */ = {
			isa = PBXVariantGroup;
			children = (
				C41CAA812589A42D00B7444E /* Base */,
			);
			name = Main.storyboard;
			sourceTree = "<group>";
		};
		C41CAA852589A43000B7444E /* LaunchScreen.storyboard */ = {
			isa = PBXVariantGroup;
			children = (
				C41CAA862589A43000B7444E /* Base */,
			);
			name = LaunchScreen.storyboard;
			sourceTree = "<group>";
		};
/* End PBXVariantGroup section */

/* Begin XCBuildConfiguration section */
		C41CAA892589A43000B7444E /* Debug */ = {
			isa = XCBuildConfiguration;
			buildSettings = {
				ALWAYS_SEARCH_USER_PATHS = NO;
				CLANG_ANALYZER_NONNULL = YES;
				CLANG_ANALYZER_NUMBER_OBJECT_CONVERSION = YES_AGGRESSIVE;
				CLANG_CXX_LANGUAGE_STANDARD = "gnu++14";
				CLANG_CXX_LIBRARY = "libc++";
				CLANG_ENABLE_MODULES = YES;
				CLANG_ENABLE_OBJC_ARC = YES;
				CLANG_ENABLE_OBJC_WEAK = YES;
				CLANG_WARN_BLOCK_CAPTURE_AUTORELEASING = YES;
				CLANG_WARN_BOOL_CONVERSION = YES;
				CLANG_WARN_COMMA = YES;
				CLANG_WARN_CONSTANT_CONVERSION = YES;
				CLANG_WARN_DEPRECATED_OBJC_IMPLEMENTATIONS = YES;
				CLANG_WARN_DIRECT_OBJC_ISA_USAGE = YES_ERROR;
				CLANG_WARN_DOCUMENTATION_COMMENTS = YES;
				CLANG_WARN_EMPTY_BODY = YES;
				CLANG_WARN_ENUM_CONVERSION = YES;
				CLANG_WARN_INFINITE_RECURSION = YES;
				CLANG_WARN_INT_CONVERSION = YES;
				CLANG_WARN_NON_LITERAL_NULL_CONVERSION = YES;
				CLANG_WARN_OBJC_IMPLICIT_RETAIN_SELF = YES;
				CLANG_WARN_OBJC_LITERAL_CONVERSION = YES;
				CLANG_WARN_OBJC_ROOT_CLASS = YES_ERROR;
				CLANG_WARN_RANGE_LOOP_ANALYSIS = YES;
				CLANG_WARN_STRICT_PROTOTYPES = YES;
				CLANG_WARN_SUSPICIOUS_MOVE = YES;
				CLANG_WARN_UNGUARDED_AVAILABILITY = YES_AGGRESSIVE;
				CLANG_WARN_UNREACHABLE_CODE = YES;
				CLANG_WARN__DUPLICATE_METHOD_MATCH = YES;
				COPY_PHASE_STRIP = NO;
				DEBUG_INFORMATION_FORMAT = dwarf;
				ENABLE_STRICT_OBJC_MSGSEND = YES;
				ENABLE_TESTABILITY = YES;
				GCC_C_LANGUAGE_STANDARD = gnu11;
				GCC_DYNAMIC_NO_PIC = NO;
				GCC_NO_COMMON_BLOCKS = YES;
				GCC_OPTIMIZATION_LEVEL = 0;
				GCC_PREPROCESSOR_DEFINITIONS = (
					"DEBUG=1",
					"$(inherited)",
				);
				GCC_WARN_64_TO_32_BIT_CONVERSION = YES;
				GCC_WARN_ABOUT_RETURN_TYPE = YES_ERROR;
				GCC_WARN_UNDECLARED_SELECTOR = YES;
				GCC_WARN_UNINITIALIZED_AUTOS = YES_AGGRESSIVE;
				GCC_WARN_UNUSED_FUNCTION = YES;
				GCC_WARN_UNUSED_VARIABLE = YES;
				IPHONEOS_DEPLOYMENT_TARGET = 13.7;
				MTL_ENABLE_DEBUG_INFO = INCLUDE_SOURCE;
				MTL_FAST_MATH = YES;
				ONLY_ACTIVE_ARCH = YES;
				SDKROOT = iphoneos;
				SWIFT_ACTIVE_COMPILATION_CONDITIONS = DEBUG;
				SWIFT_OPTIMIZATION_LEVEL = "-Onone";
			};
			name = Debug;
		};
		C41CAA8A2589A43000B7444E /* Release */ = {
			isa = XCBuildConfiguration;
			buildSettings = {
				ALWAYS_SEARCH_USER_PATHS = NO;
				CLANG_ANALYZER_NONNULL = YES;
				CLANG_ANALYZER_NUMBER_OBJECT_CONVERSION = YES_AGGRESSIVE;
				CLANG_CXX_LANGUAGE_STANDARD = "gnu++14";
				CLANG_CXX_LIBRARY = "libc++";
				CLANG_ENABLE_MODULES = YES;
				CLANG_ENABLE_OBJC_ARC = YES;
				CLANG_ENABLE_OBJC_WEAK = YES;
				CLANG_WARN_BLOCK_CAPTURE_AUTORELEASING = YES;
				CLANG_WARN_BOOL_CONVERSION = YES;
				CLANG_WARN_COMMA = YES;
				CLANG_WARN_CONSTANT_CONVERSION = YES;
				CLANG_WARN_DEPRECATED_OBJC_IMPLEMENTATIONS = YES;
				CLANG_WARN_DIRECT_OBJC_ISA_USAGE = YES_ERROR;
				CLANG_WARN_DOCUMENTATION_COMMENTS = YES;
				CLANG_WARN_EMPTY_BODY = YES;
				CLANG_WARN_ENUM_CONVERSION = YES;
				CLANG_WARN_INFINITE_RECURSION = YES;
				CLANG_WARN_INT_CONVERSION = YES;
				CLANG_WARN_NON_LITERAL_NULL_CONVERSION = YES;
				CLANG_WARN_OBJC_IMPLICIT_RETAIN_SELF = YES;
				CLANG_WARN_OBJC_LITERAL_CONVERSION = YES;
				CLANG_WARN_OBJC_ROOT_CLASS = YES_ERROR;
				CLANG_WARN_RANGE_LOOP_ANALYSIS = YES;
				CLANG_WARN_STRICT_PROTOTYPES = YES;
				CLANG_WARN_SUSPICIOUS_MOVE = YES;
				CLANG_WARN_UNGUARDED_AVAILABILITY = YES_AGGRESSIVE;
				CLANG_WARN_UNREACHABLE_CODE = YES;
				CLANG_WARN__DUPLICATE_METHOD_MATCH = YES;
				COPY_PHASE_STRIP = NO;
				DEBUG_INFORMATION_FORMAT = "dwarf-with-dsym";
				ENABLE_NS_ASSERTIONS = NO;
				ENABLE_STRICT_OBJC_MSGSEND = YES;
				GCC_C_LANGUAGE_STANDARD = gnu11;
				GCC_NO_COMMON_BLOCKS = YES;
				GCC_WARN_64_TO_32_BIT_CONVERSION = YES;
				GCC_WARN_ABOUT_RETURN_TYPE = YES_ERROR;
				GCC_WARN_UNDECLARED_SELECTOR = YES;
				GCC_WARN_UNINITIALIZED_AUTOS = YES_AGGRESSIVE;
				GCC_WARN_UNUSED_FUNCTION = YES;
				GCC_WARN_UNUSED_VARIABLE = YES;
				IPHONEOS_DEPLOYMENT_TARGET = 13.7;
				MTL_ENABLE_DEBUG_INFO = NO;
				MTL_FAST_MATH = YES;
				SDKROOT = iphoneos;
				SWIFT_COMPILATION_MODE = wholemodule;
				SWIFT_OPTIMIZATION_LEVEL = "-O";
				VALIDATE_PRODUCT = YES;
			};
			name = Release;
		};
		C41CAA8C2589A43000B7444E /* Debug */ = {
			isa = XCBuildConfiguration;
			buildSettings = {
				ASSETCATALOG_COMPILER_APPICON_NAME = AppIcon;
				CODE_SIGN_STYLE = Automatic;
				INFOPLIST_FILE = Gallery_App/Info.plist;
				LD_RUNPATH_SEARCH_PATHS = (
					"$(inherited)",
					"@executable_path/Frameworks",
				);
				PRODUCT_BUNDLE_IDENTIFIER = "ca.senecacollege.Gallery-App";
				PRODUCT_NAME = "$(TARGET_NAME)";
				SWIFT_VERSION = 5.0;
				TARGETED_DEVICE_FAMILY = "1,2";
			};
			name = Debug;
		};
		C41CAA8D2589A43000B7444E /* Release */ = {
			isa = XCBuildConfiguration;
			buildSettings = {
				ASSETCATALOG_COMPILER_APPICON_NAME = AppIcon;
				CODE_SIGN_STYLE = Automatic;
				INFOPLIST_FILE = Gallery_App/Info.plist;
				LD_RUNPATH_SEARCH_PATHS = (
					"$(inherited)",
					"@executable_path/Frameworks",
				);
				PRODUCT_BUNDLE_IDENTIFIER = "ca.senecacollege.Gallery-App";
				PRODUCT_NAME = "$(TARGET_NAME)";
				SWIFT_VERSION = 5.0;
				TARGETED_DEVICE_FAMILY = "1,2";
			};
			name = Release;
		};
/* End XCBuildConfiguration section */

/* Begin XCConfigurationList section */
		C41CAA722589A42D00B7444E /* Build configuration list for PBXProject "Gallery_App" */ = {
			isa = XCConfigurationList;
			buildConfigurations = (
				C41CAA892589A43000B7444E /* Debug */,
				C41CAA8A2589A43000B7444E /* Release */,
			);
			defaultConfigurationIsVisible = 0;
			defaultConfigurationName = Release;
		};
		C41CAA8B2589A43000B7444E /* Build configuration list for PBXNativeTarget "Gallery_App" */ = {
			isa = XCConfigurationList;
			buildConfigurations = (
				C41CAA8C2589A43000B7444E /* Debug */,
				C41CAA8D2589A43000B7444E /* Release */,
			);
			defaultConfigurationIsVisible = 0;
			defaultConfigurationName = Release;
		};
/* End XCConfigurationList section */
	};
	rootObject = C41CAA6F2589A42D00B7444E /* Project object */;
}
